
Microsoft Visual Studio Solution File, Format Version 12.00
# Visual Studio Version 17
VisualStudioVersion = 17.14.36203.30 d17.14
MinimumVisualStudioVersion = 10.0.40219.1
Project("{FAE04EC0-301F-11D3-BF4B-00C04F79EFBC}") = "ReconoceImagen", "ReconoceImagen\ReconoceImagen.csproj", "{7AF672A2-723F-4CD3-A571-221434EC1BEF}"
EndProject
Global
	GlobalSection(SolutionConfigurationPlatforms) = preSolution
		Debug|Any CPU = Debug|Any CPU
		Release|Any CPU = Release|Any CPU
	EndGlobalSection
	GlobalSection(ProjectConfigurationPlatforms) = postSolution
		{7AF672A2-723F-4CD3-A571-221434EC1BEF}.Debug|Any CPU.ActiveCfg = Debug|Any CPU
		{7AF672A2-723F-4CD3-A571-221434EC1BEF}.Debug|Any CPU.Build.0 = Debug|Any CPU
		{7AF672A2-723F-4CD3-A571-221434EC1BEF}.Release|Any CPU.ActiveCfg = Release|Any CPU
		{7AF672A2-723F-4CD3-A571-221434EC1BEF}.Release|Any CPU.Build.0 = Release|Any CPU
	EndGlobalSection
	GlobalSection(SolutionProperties) = preSolution
		HideSolutionNode = FALSE
	EndGlobalSection
	GlobalSection(ExtensibilityGlobals) = postSolution
		SolutionGuid = {5B834219-3816-4081-91B8-C68BC3BF6C4F}
	EndGlobalSection
EndGlobal
